schema: '2.0'
stages:
  load_data:
    cmd: python src/load_data.py --config=params.yaml
    deps:
    - path: data_given/winequality.csv
      md5: 412df1422d634d3155311ab324abedfe
      size: 354724
    - path: src/get_data.py
      md5: db7730736da9e3274083bc90eccf7000
      size: 656
    - path: src/load_data.py
      md5: bf9ea6e0fcd2ef3899ba4c7d8292dec1
      size: 648
    outs:
    - path: data/raw/winequality.csv
      md5: 2fa507561f48b2cf70360b741c386f07
      size: 385538
  split_data:
    cmd: python src/split_data.py --config=params.yaml
    deps:
    - path: data/raw/winequality.csv
      md5: 2fa507561f48b2cf70360b741c386f07
      size: 385538
    - path: src/split_data.py
      md5: e7c962d591ced08adfa96a2029d99c32
      size: 1072
    outs:
    - path: data/processed/test_winequality.csv
      md5: 3d6b08511787db4e5e60d4611d522a3c
      size: 77216
    - path: data/processed/train_winequality.csv
      md5: 6e429fb1cec2dd0c88e0dd26d44d7223
      size: 308468
  train_and_evaluate:
    cmd: python src/train_and_evaluate.py --config=params.yaml
    deps:
    - path: data/processed/test_winequality.csv
      md5: 01718da3bd6e206060ed00667ca1a389
      size: 18510
    - path: data/processed/train_winequality.csv
      md5: 4bccf4d668cdc60115de42ba74d416ab
      size: 73633
    - path: src/train_and_evaluate.py
      md5: 734a620c8ddbcfe965cc906eddd7b7ae
      size: 2723
    params:
      params.yaml:
        estimators.ElasticNet.params.alpha: 0.5
        estimators.ElasticNet.params.l1_ratio: 0.5
  log_production_model:
    cmd: python src/log_production_model.py --config=params.yaml
    deps:
    - path: src/log_production_model.py
      md5: e7be2ecf202746872c440c6708746737
      size: 1761
